// !$*UTF8*$!
{
	archiveVersion = 1;
	classes = {
	};
	objectVersion = 46;
	objects = {

/* Begin PBXBuildFile section */
		065B88E71FA2D561002BF4A7 /* main.m in Sources */ = {isa = PBXBuildFile; fileRef = 065B88E61FA2D561002BF4A7 /* main.m */; };
		065B88F01FA2D561002BF4A7 /* Main.storyboard in Resources */ = {isa = PBXBuildFile; fileRef = 065B88EE1FA2D561002BF4A7 /* Main.storyboard */; };
		065B88F21FA2D561002BF4A7 /* Assets.xcassets in Resources */ = {isa = PBXBuildFile; fileRef = 065B88F11FA2D561002BF4A7 /* Assets.xcassets */; };
		065B88F51FA2D561002BF4A7 /* LaunchScreen.storyboard in Resources */ = {isa = PBXBuildFile; fileRef = 065B88F31FA2D561002BF4A7 /* LaunchScreen.storyboard */; };
		06D710E71FA31608005D33FD /* ViewController.m in Sources */ = {isa = PBXBuildFile; fileRef = 06D710DD1FA31608005D33FD /* ViewController.m */; };
		06D710E81FA31608005D33FD /* GoodModel.m in Sources */ = {isa = PBXBuildFile; fileRef = 06D710E01FA31608005D33FD /* GoodModel.m */; };
		06D710E91FA31608005D33FD /* NetwokerManager.m in Sources */ = {isa = PBXBuildFile; fileRef = 06D710E31FA31608005D33FD /* NetwokerManager.m */; };
		06D710EA1FA31608005D33FD /* LoginView.m in Sources */ = {isa = PBXBuildFile; fileRef = 06D710E61FA31608005D33FD /* LoginView.m */; };
		06D710EE1FA3162D005D33FD /* AppDelegate.m in Sources */ = {isa = PBXBuildFile; fileRef = 06D710ED1FA3162D005D33FD /* AppDelegate.m */; };
		06D710F11FA31667005D33FD /* GoodListViewController.m in Sources */ = {isa = PBXBuildFile; fileRef = 06D710F01FA31667005D33FD /* GoodListViewController.m */; };
		06D710F51FA317CA005D33FD /* GoodsCell.m in Sources */ = {isa = PBXBuildFile; fileRef = 06D710F31FA317CA005D33FD /* GoodsCell.m */; };
		06D710F61FA317CA005D33FD /* GoodsCell.xib in Resources */ = {isa = PBXBuildFile; fileRef = 06D710F41FA317CA005D33FD /* GoodsCell.xib */; };
		8765C6A7F531E77169B0B463 /* libPods-CzyLoginDemo.a in Frameworks */ = {isa = PBXBuildFile; fileRef = 90D93C487305AC271E3D297E /* libPods-CzyLoginDemo.a */; };
/* End PBXBuildFile section */

/* Begin PBXFileReference section */
		065B88E21FA2D561002BF4A7 /* CzyLoginDemo.app */ = {isa = PBXFileReference; explicitFileType = wrapper.application; includeInIndex = 0; path = CzyLoginDemo.app; sourceTree = BUILT_PRODUCTS_DIR; };
		065B88E61FA2D561002BF4A7 /* main.m */ = {isa = PBXFileReference; lastKnownFileType = sourcecode.c.objc; path = main.m; sourceTree = "<group>"; };
		065B88EF1FA2D561002BF4A7 /* Base */ = {isa = PBXFileReference; lastKnownFileType = file.storyboard; name = Base; path = Base.lproj/Main.storyboard; sourceTree = "<group>"; };
		065B88F11FA2D561002BF4A7 /* Assets.xcassets */ = {isa = PBXFileReference; lastKnownFileType = folder.assetcatalog; path = Assets.xcassets; sourceTree = "<group>"; };
		065B88F41FA2D561002BF4A7 /* Base */ = {isa = PBXFileReference; lastKnownFileType = file.storyboard; name = Base; path = Base.lproj/LaunchScreen.storyboard; sourceTree = "<group>"; };
		065B88F61FA2D561002BF4A7 /* Info.plist */ = {isa = PBXFileReference; lastKnownFileType = text.plist.xml; path = Info.plist; sourceTree = "<group>"; };
		065B88FC1FA2D5B7002BF4A7 /* PrefixHeader.pch */ = {isa = PBXFileReference; fileEncoding = 4; lastKnownFileType = sourcecode.c.h; path = PrefixHeader.pch; sourceTree = "<group>"; };
		06D710DC1FA31608005D33FD /* ViewController.h */ = {isa = PBXFileReference; fileEncoding = 4; lastKnownFileType = sourcecode.c.h; path = ViewController.h; sourceTree = "<group>"; };
		06D710DD1FA31608005D33FD /* ViewController.m */ = {isa = PBXFileReference; fileEncoding = 4; lastKnownFileType = sourcecode.c.objc; path = ViewController.m; sourceTree = "<group>"; };
		06D710DF1FA31608005D33FD /* GoodModel.h */ = {isa = PBXFileReference; fileEncoding = 4; lastKnownFileType = sourcecode.c.h; path = GoodModel.h; sourceTree = "<group>"; };
		06D710E01FA31608005D33FD /* GoodModel.m */ = {isa = PBXFileReference; fileEncoding = 4; lastKnownFileType = sourcecode.c.objc; path = GoodModel.m; sourceTree = "<group>"; };
		06D710E21FA31608005D33FD /* NetwokerManager.h */ = {isa = PBXFileReference; fileEncoding = 4; lastKnownFileType = sourcecode.c.h; path = NetwokerManager.h; sourceTree = "<group>"; };
		06D710E31FA31608005D33FD /* NetwokerManager.m */ = {isa = PBXFileReference; fileEncoding = 4; lastKnownFileType = sourcecode.c.objc; path = NetwokerManager.m; sourceTree = "<group>"; };
		06D710E51FA31608005D33FD /* LoginView.h */ = {isa = PBXFileReference; fileEncoding = 4; lastKnownFileType = sourcecode.c.h; path = LoginView.h; sourceTree = "<group>"; };
		06D710E61FA31608005D33FD /* LoginView.m */ = {isa = PBXFileReference; fileEncoding = 4; lastKnownFileType = sourcecode.c.objc; path = LoginView.m; sourceTree = "<group>"; };
		06D710EC1FA3162D005D33FD /* AppDelegate.h */ = {isa = PBXFileReference; fileEncoding = 4; lastKnownFileType = sourcecode.c.h; path = AppDelegate.h; sourceTree = "<group>"; };
		06D710ED1FA3162D005D33FD /* AppDelegate.m */ = {isa = PBXFileReference; fileEncoding = 4; lastKnownFileType = sourcecode.c.objc; path = AppDelegate.m; sourceTree = "<group>"; };
		06D710EF1FA31667005D33FD /* GoodListViewController.h */ = {isa = PBXFileReference; fileEncoding = 4; lastKnownFileType = sourcecode.c.h; path = GoodListViewController.h; sourceTree = "<group>"; };
		06D710F01FA31667005D33FD /* GoodListViewController.m */ = {isa = PBXFileReference; fileEncoding = 4; lastKnownFileType = sourcecode.c.objc; path = GoodListViewController.m; sourceTree = "<group>"; };
		06D710F21FA317CA005D33FD /* GoodsCell.h */ = {isa = PBXFileReference; fileEncoding = 4; lastKnownFileType = sourcecode.c.h; path = GoodsCell.h; sourceTree = "<group>"; };
		06D710F31FA317CA005D33FD /* GoodsCell.m */ = {isa = PBXFileReference; fileEncoding = 4; lastKnownFileType = sourcecode.c.objc; path = GoodsCell.m; sourceTree = "<group>"; };
		06D710F41FA317CA005D33FD /* GoodsCell.xib */ = {isa = PBXFileReference; fileEncoding = 4; lastKnownFileType = file.xib; path = GoodsCell.xib; sourceTree = "<group>"; };
		90D93C487305AC271E3D297E /* libPods-CzyLoginDemo.a */ = {isa = PBXFileReference; explicitFileType = archive.ar; includeInIndex = 0; path = "libPods-CzyLoginDemo.a"; sourceTree = BUILT_PRODUCTS_DIR; };
		D44BECBC09168E8A90C7EA09 /* Pods-CzyLoginDemo.release.xcconfig */ = {isa = PBXFileReference; includeInIndex = 1; lastKnownFileType = text.xcconfig; name = "Pods-CzyLoginDemo.release.xcconfig"; path = "Pods/Target Support Files/Pods-CzyLoginDemo/Pods-CzyLoginDemo.release.xcconfig"; sourceTree = "<group>"; };
		D7DD55F6B29EDAB489E45C64 /* Pods-CzyLoginDemo.debug.xcconfig */ = {isa = PBXFileReference; includeInIndex = 1; lastKnownFileType = text.xcconfig; name = "Pods-CzyLoginDemo.debug.xcconfig"; path = "Pods/Target Support Files/Pods-CzyLoginDemo/Pods-CzyLoginDemo.debug.xcconfig"; sourceTree = "<group>"; };
/* End PBXFileReference section */

/* Begin PBXFrameworksBuildPhase section */
		065B88DF1FA2D561002BF4A7 /* Frameworks */ = {
			isa = PBXFrameworksBuildPhase;
			buildActionMask = 2147483647;
			files = (
				8765C6A7F531E77169B0B463 /* libPods-CzyLoginDemo.a in Frameworks */,
			);
			runOnlyForDeploymentPostprocessing = 0;
		};
/* End PBXFrameworksBuildPhase section */

/* Begin PBXGroup section */
		065B88D91FA2D561002BF4A7 = {
			isa = PBXGroup;
			children = (
				065B88E41FA2D561002BF4A7 /* CzyLoginDemo */,
				065B88E31FA2D561002BF4A7 /* Products */,
				A9BE7B64441247D6A9002E3A /* Pods */,
				4CD681C2B414A7D59658E7E0 /* Frameworks */,
			);
			sourceTree = "<group>";
		};
		065B88E31FA2D561002BF4A7 /* Products */ = {
			isa = PBXGroup;
			children = (
				065B88E21FA2D561002BF4A7 /* CzyLoginDemo.app */,
			);
			name = Products;
			sourceTree = "<group>";
		};
		065B88E41FA2D561002BF4A7 /* CzyLoginDemo */ = {
			isa = PBXGroup;
			children = (
				06D710EB1FA3162D005D33FD /* Appdelegate */,
				06D710DB1FA31608005D33FD /* Controller */,
				06D710DE1FA31608005D33FD /* Model */,
				06D710E11FA31608005D33FD /* NetworkerManager */,
				06D710E41FA31608005D33FD /* View */,
				065B88EE1FA2D561002BF4A7 /* Main.storyboard */,
				065B88F11FA2D561002BF4A7 /* Assets.xcassets */,
				065B88F31FA2D561002BF4A7 /* LaunchScreen.storyboard */,
				065B88F61FA2D561002BF4A7 /* Info.plist */,
				065B88E51FA2D561002BF4A7 /* Supporting Files */,
			);
			path = CzyLoginDemo;
			sourceTree = "<group>";
		};
		065B88E51FA2D561002BF4A7 /* Supporting Files */ = {
			isa = PBXGroup;
			children = (
				065B88E61FA2D561002BF4A7 /* main.m */,
				065B88FC1FA2D5B7002BF4A7 /* PrefixHeader.pch */,
			);
			name = "Supporting Files";
			sourceTree = "<group>";
		};
		06D710DB1FA31608005D33FD /* Controller */ = {
			isa = PBXGroup;
			children = (
				06D710DC1FA31608005D33FD /* ViewController.h */,
				06D710DD1FA31608005D33FD /* ViewController.m */,
				06D710EF1FA31667005D33FD /* GoodListViewController.h */,
				06D710F01FA31667005D33FD /* GoodListViewController.m */,
			);
			path = Controller;
			sourceTree = "<group>";
		};
		06D710DE1FA31608005D33FD /* Model */ = {
			isa = PBXGroup;
			children = (
				06D710DF1FA31608005D33FD /* GoodModel.h */,
				06D710E01FA31608005D33FD /* GoodModel.m */,
			);
			path = Model;
			sourceTree = "<group>";
		};
		06D710E11FA31608005D33FD /* NetworkerManager */ = {
			isa = PBXGroup;
			children = (
				06D710E21FA31608005D33FD /* NetwokerManager.h */,
				06D710E31FA31608005D33FD /* NetwokerManager.m */,
			);
			path = NetworkerManager;
			sourceTree = "<group>";
		};
		06D710E41FA31608005D33FD /* View */ = {
			isa = PBXGroup;
			children = (
				06D710E51FA31608005D33FD /* LoginView.h */,
				06D710E61FA31608005D33FD /* LoginView.m */,
				06D710F21FA317CA005D33FD /* GoodsCell.h */,
				06D710F31FA317CA005D33FD /* GoodsCell.m */,
				06D710F41FA317CA005D33FD /* GoodsCell.xib */,
			);
			path = View;
			sourceTree = "<group>";
		};
		06D710EB1FA3162D005D33FD /* Appdelegate */ = {
			isa = PBXGroup;
			children = (
				06D710EC1FA3162D005D33FD /* AppDelegate.h */,
				06D710ED1FA3162D005D33FD /* AppDelegate.m */,
			);
			path = Appdelegate;
			sourceTree = "<group>";
		};
		4CD681C2B414A7D59658E7E0 /* Frameworks */ = {
			isa = PBXGroup;
			children = (
				90D93C487305AC271E3D297E /* libPods-CzyLoginDemo.a */,
			);
			name = Frameworks;
			sourceTree = "<group>";
		};
		A9BE7B64441247D6A9002E3A /* Pods */ = {
			isa = PBXGroup;
			children = (
				D7DD55F6B29EDAB489E45C64 /* Pods-CzyLoginDemo.debug.xcconfig */,
				D44BECBC09168E8A90C7EA09 /* Pods-CzyLoginDemo.release.xcconfig */,
			);
			name = Pods;
			sourceTree = "<group>";
		};
/* End PBXGroup section */

/* Begin PBXNativeTarget section */
		065B88E11FA2D561002BF4A7 /* CzyLoginDemo */ = {
			isa = PBXNativeTarget;
			buildConfigurationList = 065B88F91FA2D561002BF4A7 /* Build configuration list for PBXNativeTarget "CzyLoginDemo" */;
			buildPhases = (
				09F7BA0A178B3347B6892EB0 /* [CP] Check Pods Manifest.lock */,
				065B88DE1FA2D561002BF4A7 /* Sources */,
				065B88DF1FA2D561002BF4A7 /* Frameworks */,
				065B88E01FA2D561002BF4A7 /* Resources */,
				360E6375A3A15C862D74E39F /* [CP] Embed Pods Frameworks */,
				4AFB001DBFF470707DDEEA97 /* [CP] Copy Pods Resources */,
			);
			buildRules = (
			);
			dependencies = (
			);
			name = CzyLoginDemo;
			productName = CzyLoginDemo;
			productReference = 065B88E21FA2D561002BF4A7 /* CzyLoginDemo.app */;
			productType = "com.apple.product-type.application";
		};
/* End PBXNativeTarget section */

/* Begin PBXProject section */
		065B88DA1FA2D561002BF4A7 /* Project object */ = {
			isa = PBXProject;
			attributes = {
				LastUpgradeCheck = 0810;
				ORGANIZATIONNAME = macOfEthan;
				TargetAttributes = {
					065B88E11FA2D561002BF4A7 = {
						CreatedOnToolsVersion = 8.1;
						DevelopmentTeam = TGQ3T5S6T9;
						ProvisioningStyle = Automatic;
					};
				};
			};
			buildConfigurationList = 065B88DD1FA2D561002BF4A7 /* Build configuration list for PBXProject "CzyLoginDemo" */;
			compatibilityVersion = "Xcode 3.2";
			developmentRegion = English;
			hasScannedForEncodings = 0;
			knownRegions = (
				en,
				Base,
			);
			mainGroup = 065B88D91FA2D561002BF4A7;
			productRefGroup = 065B88E31FA2D561002BF4A7 /* Products */;
			projectDirPath = "";
			projectRoot = "";
			targets = (
				065B88E11FA2D561002BF4A7 /* CzyLoginDemo */,
			);
		};
/* End PBXProject section */

/* Begin PBXResourcesBuildPhase section */
		065B88E01FA2D561002BF4A7 /* Resources */ = {
			isa = PBXResourcesBuildPhase;
			buildActionMask = 2147483647;
			files = (
				065B88F51FA2D561002BF4A7 /* LaunchScreen.storyboard in Resources */,
				065B88F21FA2D561002BF4A7 /* Assets.xcassets in Resources */,
				06D710F61FA317CA005D33FD /* GoodsCell.xib in Resources */,
				065B88F01FA2D561002BF4A7 /* Main.storyboard in Resources */,
			);
			runOnlyForDeploymentPostprocessing = 0;
		};
/* End PBXResourcesBuildPhase section */

/* Begin PBXShellScriptBuildPhase section */
		09F7BA0A178B3347B6892EB0 /* [CP] Check Pods Manifest.lock */ = {
			isa = PBXShellScriptBuildPhase;
			buildActionMask = 2147483647;
			files = (
			);
			inputPaths = (
			);
			name = "[CP] Check Pods Manifest.lock";
			outputPaths = (
			);
			runOnlyForDeploymentPostprocessing = 0;
			shellPath = /bin/sh;
			shellScript = "diff \"${PODS_ROOT}/../Podfile.lock\" \"${PODS_ROOT}/Manifest.lock\" > /dev/null\nif [ $? != 0 ] ; then\n    # print error to STDERR\n    echo \"error: The sandbox is not in sync with the Podfile.lock. Run 'pod install' or update your CocoaPods installation.\" >&2\n    exit 1\nfi\n";
			showEnvVarsInLog = 0;
		};
		360E6375A3A15C862D74E39F /* [CP] Embed Pods Frameworks */ = {
			isa = PBXShellScriptBuildPhase;
			buildActionMask = 2147483647;
			files = (
			);
			inputPaths = (
			);
			name = "[CP] Embed Pods Frameworks";
			outputPaths = (
			);
			runOnlyForDeploymentPostprocessing = 0;
			shellPath = /bin/sh;
			shellScript = "\"${SRCROOT}/Pods/Target Support Files/Pods-CzyLoginDemo/Pods-CzyLoginDemo-frameworks.sh\"\n";
			showEnvVarsInLog = 0;
		};
		4AFB001DBFF470707DDEEA97 /* [CP] Copy Pods Resources */ = {
			isa = PBXShellScriptBuildPhase;
			buildActionMask = 2147483647;
			files = (
			);
			inputPaths = (
			);
			name = "[CP] Copy Pods Resources";
			outputPaths = (
			);
			runOnlyForDeploymentPostprocessing = 0;
			shellPath = /bin/sh;
			shellScript = "\"${SRCROOT}/Pods/Target Support Files/Pods-CzyLoginDemo/Pods-CzyLoginDemo-resources.sh\"\n";
			showEnvVarsInLog = 0;
		};
/* End PBXShellScriptBuildPhase section */

/* Begin PBXSourcesBuildPhase section */
		065B88DE1FA2D561002BF4A7 /* Sources */ = {
			isa = PBXSourcesBuildPhase;
			buildActionMask = 2147483647;
			files = (
				06D710F11FA31667005D33FD /* GoodListViewController.m in Sources */,
				06D710EA1FA31608005D33FD /* LoginView.m in Sources */,
				06D710F51FA317CA005D33FD /* GoodsCell.m in Sources */,
				06D710E81FA31608005D33FD /* GoodModel.m in Sources */,
				06D710EE1FA3162D005D33FD /* AppDelegate.m in Sources */,
				06D710E71FA31608005D33FD /* ViewController.m in Sources */,
				065B88E71FA2D561002BF4A7 /* main.m in Sources */,
				06D710E91FA31608005D33FD /* NetwokerManager.m in Sources */,
			);
			runOnlyForDeploymentPostprocessing = 0;
		};
/* End PBXSourcesBuildPhase section */

/* Begin PBXVariantGroup section */
		065B88EE1FA2D561002BF4A7 /* Main.storyboard */ = {
			isa = PBXVariantGroup;
			children = (
				065B88EF1FA2D561002BF4A7 /* Base */,
			);
			name = Main.storyboard;
			sourceTree = "<group>";
		};
		065B88F31FA2D561002BF4A7 /* LaunchScreen.storyboard */ = {
			isa = PBXVariantGroup;
			children = (
				065B88F41FA2D561002BF4A7 /* Base */,
			);
			name = LaunchScreen.storyboard;
			sourceTree = "<group>";
		};
/* End PBXVariantGroup section */

/* Begin XCBuildConfiguration section */
		065B88F71FA2D561002BF4A7 /* Debug */ = {
			isa = XCBuildConfiguration;
			buildSettings = {
				ALWAYS_SEARCH_USER_PATHS = NO;
				CLANG_ANALYZER_NONNULL = YES;
				CLANG_CXX_LANGUAGE_STANDARD = "gnu++0x";
				CLANG_CXX_LIBRARY = "libc++";
				CLANG_ENABLE_MODULES = YES;
				CLANG_ENABLE_OBJC_ARC = YES;
				CLANG_WARN_BOOL_CONVERSION = YES;
				CLANG_WARN_CONSTANT_CONVERSION = YES;
				CLANG_WARN_DIRECT_OBJC_ISA_USAGE = YES_ERROR;
				CLANG_WARN_DOCUMENTATION_COMMENTS = YES;
				CLANG_WARN_EMPTY_BODY = YES;
				CLANG_WARN_ENUM_CONVERSION = YES;
				CLANG_WARN_INFINITE_RECURSION = YES;
				CLANG_WARN_INT_CONVERSION = YES;
				CLANG_WARN_OBJC_ROOT_CLASS = YES_ERROR;
				CLANG_WARN_SUSPICIOUS_MOVES = YES;
				CLANG_WARN_UNREACHABLE_CODE = YES;
				CLANG_WARN__DUPLICATE_METHOD_MATCH = YES;
				"CODE_SIGN_IDENTITY[sdk=iphoneos*]" = "iPhone Developer";
				COPY_PHASE_STRIP = NO;
				DEBUG_INFORMATION_FORMAT = dwarf;
				ENABLE_STRICT_OBJC_MSGSEND = YES;
				ENABLE_TESTABILITY = YES;
				GCC_C_LANGUAGE_STANDARD = gnu99;
				GCC_DYNAMIC_NO_PIC = NO;
				GCC_NO_COMMON_BLOCKS = YES;
				GCC_OPTIMIZATION_LEVEL = 0;
				GCC_PREPROCESSOR_DEFINITIONS = (
					"DEBUG=1",
					"$(inherited)",
				);
				GCC_WARN_64_TO_32_BIT_CONVERSION = YES;
				GCC_WARN_ABOUT_RETURN_TYPE = YES_ERROR;
				GCC_WARN_UNDECLARED_SELECTOR = YES;
				GCC_WARN_UNINITIALIZED_AUTOS = YES_AGGRESSIVE;
				GCC_WARN_UNUSED_FUNCTION = YES;
				GCC_WARN_UNUSED_VARIABLE = YES;
				IPHONEOS_DEPLOYMENT_TARGET = 10.1;
				MTL_ENABLE_DEBUG_INFO = YES;
				ONLY_ACTIVE_ARCH = YES;
				SDKROOT = iphoneos;
				TARGETED_DEVICE_FAMILY = "1,2";
			};
			name = Debug;
		};
		065B88F81FA2D561002BF4A7 /* Release */ = {
			isa = XCBuildConfiguration;
			buildSettings = {
				ALWAYS_SEARCH_USER_PATHS = NO;
				CLANG_ANALYZER_NONNULL = YES;
				CLANG_CXX_LANGUAGE_STANDARD = "gnu++0x";
				CLANG_CXX_LIBRARY = "libc++";
				CLANG_ENABLE_MODULES = YES;
				CLANG_ENABLE_OBJC_ARC = YES;
				CLANG_WARN_BOOL_CONVERSION = YES;
				CLANG_WARN_CONSTANT_CONVERSION = YES;
				CLANG_WARN_DIRECT_OBJC_ISA_USAGE = YES_ERROR;
				CLANG_WARN_DOCUMENTATION_COMMENTS = YES;
				CLANG_WARN_EMPTY_BODY = YES;
				CLANG_WARN_ENUM_CONVERSION = YES;
				CLANG_WARN_INFINITE_RECURSION = YES;
				CLANG_WARN_INT_CONVERSION = YES;
				CLANG_WARN_OBJC_ROOT_CLASS = YES_ERROR;
				CLANG_WARN_SUSPICIOUS_MOVES = YES;
				CLANG_WARN_UNREACHABLE_CODE = YES;
				CLANG_WARN__DUPLICATE_METHOD_MATCH = YES;
				"CODE_SIGN_IDENTITY[sdk=iphoneos*]" = "iPhone Developer";
				COPY_PHASE_STRIP = NO;
				DEBUG_INFORMATION_FORMAT = "dwarf-with-dsym";
				ENABLE_NS_ASSERTIONS = NO;
				ENABLE_STRICT_OBJC_MSGSEND = YES;
				GCC_C_LANGUAGE_STANDARD = gnu99;
				GCC_NO_COMMON_BLOCKS = YES;
				GCC_WARN_64_TO_32_BIT_CONVERSION = YES;
				GCC_WARN_ABOUT_RETURN_TYPE = YES_ERROR;
				GCC_WARN_UNDECLARED_SELECTOR = YES;
				GCC_WARN_UNINITIALIZED_AUTOS = YES_AGGRESSIVE;
				GCC_WARN_UNUSED_FUNCTION = YES;
				GCC_WARN_UNUSED_VARIABLE = YES;
				IPHONEOS_DEPLOYMENT_TARGET = 10.1;
				MTL_ENABLE_DEBUG_INFO = NO;
				SDKROOT = iphoneos;
				TARGETED_DEVICE_FAMILY = "1,2";
				VALIDATE_PRODUCT = YES;
			};
			name = Release;
		};
		065B88FA1FA2D561002BF4A7 /* Debug */ = {
			isa = XCBuildConfiguration;
			baseConfigurationReference = D7DD55F6B29EDAB489E45C64 /* Pods-CzyLoginDemo.debug.xcconfig */;
			buildSettings = {
				ASSETCATALOG_COMPILER_APPICON_NAME = AppIcon;
				DEVELOPMENT_TEAM = TGQ3T5S6T9;
				GCC_PREFIX_HEADER = "$(SRCROOT)/CzyLoginDemo/PrefixHeader.pch";
				INFOPLIST_FILE = CzyLoginDemo/Info.plist;
				LD_RUNPATH_SEARCH_PATHS = "$(inherited) @executable_path/Frameworks";
				PRODUCT_BUNDLE_IDENTIFIER = com.ethan.CzyLoginDemo;
				PRODUCT_NAME = "$(TARGET_NAME)";
			};
			name = Debug;
		};
		065B88FB1FA2D561002BF4A7 /* Release */ = {
			isa = XCBuildConfiguration;
			baseConfigurationReference = D44BECBC09168E8A90C7EA09 /* Pods-CzyLoginDemo.release.xcconfig */;
			buildSettings = {
				ASSETCATALOG_COMPILER_APPICON_NAME = AppIcon;
				DEVELOPMENT_TEAM = TGQ3T5S6T9;
				GCC_PREFIX_HEADER = "$(SRCROOT)/CzyLoginDemo/PrefixHeader.pch";
				INFOPLIST_FILE = CzyLoginDemo/Info.plist;
				LD_RUNPATH_SEARCH_PATHS = "$(inherited) @executable_path/Frameworks";
				PRODUCT_BUNDLE_IDENTIFIER = com.ethan.CzyLoginDemo;
				PRODUCT_NAME = "$(TARGET_NAME)";
			};
			name = Release;
		};
/* End XCBuildConfiguration section */

/* Begin XCConfigurationList section */
		065B88DD1FA2D561002BF4A7 /* Build configuration list for PBXProject "CzyLoginDemo" */ = {
			isa = XCConfigurationList;
			buildConfigurations = (
				065B88F71FA2D561002BF4A7 /* Debug */,
				065B88F81FA2D561002BF4A7 /* Release */,
			);
			defaultConfigurationIsVisible = 0;
			defaultConfigurationName = Release;
		};
		065B88F91FA2D561002BF4A7 /* Build configuration list for PBXNativeTarget "CzyLoginDemo" */ = {
			isa = XCConfigurationList;
			buildConfigurations = (
				065B88FA1FA2D561002BF4A7 /* Debug */,
				065B88FB1FA2D561002BF4A7 /* Release */,
			);
			defaultConfigurationIsVisible = 0;
			defaultConfigurationName = Release;
		};
/* End XCConfigurationList section */
	};
	rootObject = 065B88DA1FA2D561002BF4A7 /* Project object */;
}
